
Microsoft Visual Studio Solution File, Format Version 12.00
# Visual Studio 15
VisualStudioVersion = 15.0.27130.2027
MinimumVisualStudioVersion = 10.0.40219.1
Project("{FAE04EC0-301F-11D3-BF4B-00C04F79EFBC}") = "SportsStore", "SportsStore\SportsStore.csproj", "{BFD2DE09-E736-48E0-B247-8DE157376922}"
EndProject
Project("{FAE04EC0-301F-11D3-BF4B-00C04F79EFBC}") = "XUnitTestSportsStore", "XUnitTestSportsStore\XUnitTestSportsStore.csproj", "{733BF9C0-E3B2-4295-BA3A-80B57E0E8120}"
EndProject
Global
	GlobalSection(SolutionConfigurationPlatforms) = preSolution
		Debug|Any CPU = Debug|Any CPU
		Release|Any CPU = Release|Any CPU
	EndGlobalSection
	GlobalSection(ProjectConfigurationPlatforms) = postSolution
		{BFD2DE09-E736-48E0-B247-8DE157376922}.Debug|Any CPU.ActiveCfg = Debug|Any CPU
		{BFD2DE09-E736-48E0-B247-8DE157376922}.Debug|Any CPU.Build.0 = Debug|Any CPU
		{BFD2DE09-E736-48E0-B247-8DE157376922}.Release|Any CPU.ActiveCfg = Release|Any CPU
		{BFD2DE09-E736-48E0-B247-8DE157376922}.Release|Any CPU.Build.0 = Release|Any CPU
		{733BF9C0-E3B2-4295-BA3A-80B57E0E8120}.Debug|Any CPU.ActiveCfg = Debug|Any CPU
		{733BF9C0-E3B2-4295-BA3A-80B57E0E8120}.Debug|Any CPU.Build.0 = Debug|Any CPU
		{733BF9C0-E3B2-4295-BA3A-80B57E0E8120}.Release|Any CPU.ActiveCfg = Release|Any CPU
		{733BF9C0-E3B2-4295-BA3A-80B57E0E8120}.Release|Any CPU.Build.0 = Release|Any CPU
	EndGlobalSection
	GlobalSection(SolutionProperties) = preSolution
		HideSolutionNode = FALSE
	EndGlobalSection
	GlobalSection(ExtensibilityGlobals) = postSolution
		SolutionGuid = {1733C20C-AB4A-4A89-8CCF-6203377A2FF5}
	EndGlobalSection
EndGlobal
